
Microsoft Visual Studio Solution File, Format Version 12.00
# Visual Studio Version 17
VisualStudioVersion = 17.8.34330.188
MinimumVisualStudioVersion = 10.0.40219.1
Project("{FAE04EC0-301F-11D3-BF4B-00C04F79EFBC}") = "Dotnet8-Mapster", "Dotnet8-Mapster\Dotnet8-Mapster.csproj", "{28F69813-DFC1-458D-A81D-064E857677BA}"
EndProject
Global
	GlobalSection(SolutionConfigurationPlatforms) = preSolution
		Debug|Any CPU = Debug|Any CPU
		Release|Any CPU = Release|Any CPU
	EndGlobalSection
	GlobalSection(ProjectConfigurationPlatforms) = postSolution
		{28F69813-DFC1-458D-A81D-064E857677BA}.Debug|Any CPU.ActiveCfg = Debug|Any CPU
		{28F69813-DFC1-458D-A81D-064E857677BA}.Debug|Any CPU.Build.0 = Debug|Any CPU
		{28F69813-DFC1-458D-A81D-064E857677BA}.Release|Any CPU.ActiveCfg = Release|Any CPU
		{28F69813-DFC1-458D-A81D-064E857677BA}.Release|Any CPU.Build.0 = Release|Any CPU
	EndGlobalSection
	GlobalSection(SolutionProperties) = preSolution
		HideSolutionNode = FALSE
	EndGlobalSection
	GlobalSection(ExtensibilityGlobals) = postSolution
		SolutionGuid = {BF16A4ED-B3BE-47E7-AC56-760B40235B04}
	EndGlobalSection
EndGlobal
